
Microsoft Visual Studio Solution File, Format Version 12.00
# Visual Studio 15
VisualStudioVersion = 15.0.27004.2009
MinimumVisualStudioVersion = 10.0.40219.1
Project("{FAE04EC0-301F-11D3-BF4B-00C04F79EFBC}") = "MyProject.UI", "MyProject.UI\MyProject.UI.csproj", "{6FA248B0-ED59-486B-91A1-CFE87F99E45B}"
EndProject
Project("{FAE04EC0-301F-11D3-BF4B-00C04F79EFBC}") = "MyProject.ENT", "MyProject.ENT\MyProject.ENT.csproj", "{C7F1C14B-E29F-4E01-B48A-52250B5BC537}"
EndProject
Project("{FAE04EC0-301F-11D3-BF4B-00C04F79EFBC}") = "MyProject.DAL", "MyProject.DAL\MyProject.DAL.csproj", "{8E64F3D1-63D1-437C-B981-73EC2A6D3212}"
EndProject
Project("{FAE04EC0-301F-11D3-BF4B-00C04F79EFBC}") = "MyProject.BLL", "MyProject.BLL\MyProject.BLL.csproj", "{97284C90-D53B-4003-B2DD-03291D053739}"
EndProject
Project("{FAE04EC0-301F-11D3-BF4B-00C04F79EFBC}") = "MyProject.REP", "MyProject.REP\MyProject.REP.csproj", "{A40CC098-9FAC-46AF-B120-23A04C898C5D}"
EndProject
Global
	GlobalSection(SolutionConfigurationPlatforms) = preSolution
		Debug|Any CPU = Debug|Any CPU
		Release|Any CPU = Release|Any CPU
	EndGlobalSection
	GlobalSection(ProjectConfigurationPlatforms) = postSolution
		{6FA248B0-ED59-486B-91A1-CFE87F99E45B}.Debug|Any CPU.ActiveCfg = Debug|Any CPU
		{6FA248B0-ED59-486B-91A1-CFE87F99E45B}.Debug|Any CPU.Build.0 = Debug|Any CPU
		{6FA248B0-ED59-486B-91A1-CFE87F99E45B}.Release|Any CPU.ActiveCfg = Release|Any CPU
		{6FA248B0-ED59-486B-91A1-CFE87F99E45B}.Release|Any CPU.Build.0 = Release|Any CPU
		{C7F1C14B-E29F-4E01-B48A-52250B5BC537}.Debug|Any CPU.ActiveCfg = Debug|Any CPU
		{C7F1C14B-E29F-4E01-B48A-52250B5BC537}.Debug|Any CPU.Build.0 = Debug|Any CPU
		{C7F1C14B-E29F-4E01-B48A-52250B5BC537}.Release|Any CPU.ActiveCfg = Release|Any CPU
		{C7F1C14B-E29F-4E01-B48A-52250B5BC537}.Release|Any CPU.Build.0 = Release|Any CPU
		{8E64F3D1-63D1-437C-B981-73EC2A6D3212}.Debug|Any CPU.ActiveCfg = Debug|Any CPU
		{8E64F3D1-63D1-437C-B981-73EC2A6D3212}.Debug|Any CPU.Build.0 = Debug|Any CPU
		{8E64F3D1-63D1-437C-B981-73EC2A6D3212}.Release|Any CPU.ActiveCfg = Release|Any CPU
		{8E64F3D1-63D1-437C-B981-73EC2A6D3212}.Release|Any CPU.Build.0 = Release|Any CPU
		{97284C90-D53B-4003-B2DD-03291D053739}.Debug|Any CPU.ActiveCfg = Debug|Any CPU
		{97284C90-D53B-4003-B2DD-03291D053739}.Debug|Any CPU.Build.0 = Debug|Any CPU
		{97284C90-D53B-4003-B2DD-03291D053739}.Release|Any CPU.ActiveCfg = Release|Any CPU
		{97284C90-D53B-4003-B2DD-03291D053739}.Release|Any CPU.Build.0 = Release|Any CPU
		{A40CC098-9FAC-46AF-B120-23A04C898C5D}.Debug|Any CPU.ActiveCfg = Debug|Any CPU
		{A40CC098-9FAC-46AF-B120-23A04C898C5D}.Debug|Any CPU.Build.0 = Debug|Any CPU
		{A40CC098-9FAC-46AF-B120-23A04C898C5D}.Release|Any CPU.ActiveCfg = Release|Any CPU
		{A40CC098-9FAC-46AF-B120-23A04C898C5D}.Release|Any CPU.Build.0 = Release|Any CPU
	EndGlobalSection
	GlobalSection(SolutionProperties) = preSolution
		HideSolutionNode = FALSE
	EndGlobalSection
	GlobalSection(ExtensibilityGlobals) = postSolution
		SolutionGuid = {2EDEF669-0B7E-4B46-8828-FE09A1293685}
	EndGlobalSection
EndGlobal
